
Microsoft Visual Studio Solution File, Format Version 12.00
# Visual Studio Version 16
VisualStudioVersion = 16.0.31321.278
MinimumVisualStudioVersion = 10.0.40219.1
Project("{FAE04EC0-301F-11D3-BF4B-00C04F79EFBC}") = "Wallet", "Wallet\Wallet.csproj", "{DF4BFDB8-4722-43B7-8421-A57A1945DC7B}"
EndProject
Project("{FAE04EC0-301F-11D3-BF4B-00C04F79EFBC}") = "Domain", "Domain\Domain.csproj", "{A89F69B2-8A80-4640-B0F4-1D7ABB42193D}"
EndProject
Project("{FAE04EC0-301F-11D3-BF4B-00C04F79EFBC}") = "Service", "Service\Service.csproj", "{45DB3E30-8222-4125-9642-B3CDC4CE08F5}"
EndProject
Global
	GlobalSection(SolutionConfigurationPlatforms) = preSolution
		Debug|Any CPU = Debug|Any CPU
		Release|Any CPU = Release|Any CPU
	EndGlobalSection
	GlobalSection(ProjectConfigurationPlatforms) = postSolution
		{DF4BFDB8-4722-43B7-8421-A57A1945DC7B}.Debug|Any CPU.ActiveCfg = Debug|Any CPU
		{DF4BFDB8-4722-43B7-8421-A57A1945DC7B}.Debug|Any CPU.Build.0 = Debug|Any CPU
		{DF4BFDB8-4722-43B7-8421-A57A1945DC7B}.Release|Any CPU.ActiveCfg = Release|Any CPU
		{DF4BFDB8-4722-43B7-8421-A57A1945DC7B}.Release|Any CPU.Build.0 = Release|Any CPU
		{A89F69B2-8A80-4640-B0F4-1D7ABB42193D}.Debug|Any CPU.ActiveCfg = Debug|Any CPU
		{A89F69B2-8A80-4640-B0F4-1D7ABB42193D}.Debug|Any CPU.Build.0 = Debug|Any CPU
		{A89F69B2-8A80-4640-B0F4-1D7ABB42193D}.Release|Any CPU.ActiveCfg = Release|Any CPU
		{A89F69B2-8A80-4640-B0F4-1D7ABB42193D}.Release|Any CPU.Build.0 = Release|Any CPU
		{45DB3E30-8222-4125-9642-B3CDC4CE08F5}.Debug|Any CPU.ActiveCfg = Debug|Any CPU
		{45DB3E30-8222-4125-9642-B3CDC4CE08F5}.Debug|Any CPU.Build.0 = Debug|Any CPU
		{45DB3E30-8222-4125-9642-B3CDC4CE08F5}.Release|Any CPU.ActiveCfg = Release|Any CPU
		{45DB3E30-8222-4125-9642-B3CDC4CE08F5}.Release|Any CPU.Build.0 = Release|Any CPU
	EndGlobalSection
	GlobalSection(SolutionProperties) = preSolution
		HideSolutionNode = FALSE
	EndGlobalSection
	GlobalSection(ExtensibilityGlobals) = postSolution
		SolutionGuid = {EADA9379-3F20-4C56-B76C-06C0D86C74C0}
	EndGlobalSection
EndGlobal
